
Microsoft Visual Studio Solution File, Format Version 12.00
# Visual Studio Version 16
VisualStudioVersion = 16.0.33328.57
MinimumVisualStudioVersion = 10.0.40219.1
Project("{FAE04EC0-301F-11D3-BF4B-00C04F79EFBC}") = "ConsoleApp1", "ConsoleApp1\ConsoleApp1.csproj", "{13847C66-8EE1-4B91-B96B-85D9DFF87D6A}"
EndProject
Global
	GlobalSection(SolutionConfigurationPlatforms) = preSolution
		Debug|Any CPU = Debug|Any CPU
		Release|Any CPU = Release|Any CPU
	EndGlobalSection
	GlobalSection(ProjectConfigurationPlatforms) = postSolution
		{13847C66-8EE1-4B91-B96B-85D9DFF87D6A}.Debug|Any CPU.ActiveCfg = Debug|Any CPU
		{13847C66-8EE1-4B91-B96B-85D9DFF87D6A}.Debug|Any CPU.Build.0 = Debug|Any CPU
		{13847C66-8EE1-4B91-B96B-85D9DFF87D6A}.Release|Any CPU.ActiveCfg = Release|Any CPU
		{13847C66-8EE1-4B91-B96B-85D9DFF87D6A}.Release|Any CPU.Build.0 = Release|Any CPU
	EndGlobalSection
	GlobalSection(SolutionProperties) = preSolution
		HideSolutionNode = FALSE
	EndGlobalSection
	GlobalSection(ExtensibilityGlobals) = postSolution
		SolutionGuid = {CB0D64A7-9186-4A8A-8B4A-E34EE1769DE3}
	EndGlobalSection
EndGlobal
