
Microsoft Visual Studio Solution File, Format Version 12.00
# Visual Studio Version 17
VisualStudioVersion = 17.5.33424.131
MinimumVisualStudioVersion = 10.0.40219.1
Project("{FAE04EC0-301F-11D3-BF4B-00C04F79EFBC}") = "Shapes", "Shapes\Shapes.csproj", "{A7BC3EF8-224F-415E-A8A9-6B5027D1FA94}"
EndProject
Global
	GlobalSection(SolutionConfigurationPlatforms) = preSolution
		Debug|Any CPU = Debug|Any CPU
		Release|Any CPU = Release|Any CPU
	EndGlobalSection
	GlobalSection(ProjectConfigurationPlatforms) = postSolution
		{A7BC3EF8-224F-415E-A8A9-6B5027D1FA94}.Debug|Any CPU.ActiveCfg = Debug|Any CPU
		{A7BC3EF8-224F-415E-A8A9-6B5027D1FA94}.Debug|Any CPU.Build.0 = Debug|Any CPU
		{A7BC3EF8-224F-415E-A8A9-6B5027D1FA94}.Release|Any CPU.ActiveCfg = Release|Any CPU
		{A7BC3EF8-224F-415E-A8A9-6B5027D1FA94}.Release|Any CPU.Build.0 = Release|Any CPU
	EndGlobalSection
	GlobalSection(SolutionProperties) = preSolution
		HideSolutionNode = FALSE
	EndGlobalSection
	GlobalSection(ExtensibilityGlobals) = postSolution
		SolutionGuid = {542C498D-AE9F-4DC5-BD84-58F5C70AB273}
	EndGlobalSection
EndGlobal
